
Microsoft Visual Studio Solution File, Format Version 12.00
# Visual Studio Version 16
VisualStudioVersion = 16.0.31702.278
MinimumVisualStudioVersion = 10.0.40219.1
Project("{FAE04EC0-301F-11D3-BF4B-00C04F79EFBC}") = "AspNet.Capitulo02.Razor", "AspNet.Capitulo02.Razor\AspNet.Capitulo02.Razor.csproj", "{57BB7726-A46B-40B9-8F83-95002A6AC22A}"
EndProject
Project("{2150E333-8FDC-42A3-9474-1A3956D46DE8}") = "Marketplace", "Marketplace", "{91E1CE75-8295-4E2A-B623-13F9E0FE90C8}"
EndProject
Project("{FAE04EC0-301F-11D3-BF4B-00C04F79EFBC}") = "Marketplace.Repositorios.SqlServer.DbFirst", "Marketplace.Repositorios.SqlServer.DbFirst\Marketplace.Repositorios.SqlServer.DbFirst.csproj", "{ACB23E31-90A1-4C15-8EC3-AD7EA8103ADF}"
EndProject
Project("{FAE04EC0-301F-11D3-BF4B-00C04F79EFBC}") = "Marketplace.Mvc", "Marketplace.Mvc\Marketplace.Mvc.csproj", "{1BB264E7-310F-409C-9558-F0C8C92940BA}"
EndProject
Project("{2150E333-8FDC-42A3-9474-1A3956D46DE8}") = "GatewayPagamento", "GatewayPagamento", "{673CE24B-5D5E-40D0-B142-D13D5E97A195}"
EndProject
Project("{FAE04EC0-301F-11D3-BF4B-00C04F79EFBC}") = "GatewayPagamento.Dominio", "GatewayPagamento.Dominio\GatewayPagamento.Dominio.csproj", "{1D35E7B4-523C-487A-90B6-2E919A59BF28}"
EndProject
Project("{FAE04EC0-301F-11D3-BF4B-00C04F79EFBC}") = "GatewayPagamento.Repositorios.SqlServer.CodeFirst", "GatewayPagamento.Repositorios.SqlServer.CodeFirst\GatewayPagamento.Repositorios.SqlServer.CodeFirst.csproj", "{EF4C6226-3879-41A8-83BD-69A8B8968D7A}"
EndProject
Project("{FAE04EC0-301F-11D3-BF4B-00C04F79EFBC}") = "GatewayPagamento.Repositorios.SqlServer.CodeFirstTests", "GatewayPagamento.Repositorios.SqlServer.CodeFirstTests\GatewayPagamento.Repositorios.SqlServer.CodeFirstTests.csproj", "{686D0AC0-7A6E-4A45-98BC-28CE22DA94B6}"
EndProject
Project("{FAE04EC0-301F-11D3-BF4B-00C04F79EFBC}") = "GatewayPagamento.WebApi", "GatewayPagamento.WebApi\GatewayPagamento.WebApi.csproj", "{88978B0F-259B-4FA6-8005-F17AEF8AE19A}"
EndProject
Project("{FAE04EC0-301F-11D3-BF4B-00C04F79EFBC}") = "GatewayPagamento.Apoio", "GatewayPagamento.Apoio\GatewayPagamento.Apoio.csproj", "{68EA6A3C-5CEB-4065-ABA6-33C534C5C6BE}"
EndProject
Project("{FAE04EC0-301F-11D3-BF4B-00C04F79EFBC}") = "Marketplace.Repositorios.Http", "Marketplace.Repositorios.Http\Marketplace.Repositorios.Http.csproj", "{C4CF7FC5-21A3-4271-93AA-9C1D6C2D76E3}"
EndProject
Project("{2150E333-8FDC-42A3-9474-1A3956D46DE8}") = "ExpoCenter", "ExpoCenter", "{3EFF7267-2DC9-46BD-A545-56B032118633}"
EndProject
Project("{FAE04EC0-301F-11D3-BF4B-00C04F79EFBC}") = "ExpoCenter.Dominio", "ExpoCenter.Dominio\ExpoCenter.Dominio.csproj", "{3A229146-EFBC-4E6F-A8DA-5B355AB329E0}"
EndProject
Project("{FAE04EC0-301F-11D3-BF4B-00C04F79EFBC}") = "ExpoCenter.Repositorios.SqlServer", "ExpoCenter.Repositorios.SqlServer\ExpoCenter.Repositorios.SqlServer.csproj", "{18B0E4DE-9279-4A9A-BCFB-6668CCBC559C}"
EndProject
Project("{FAE04EC0-301F-11D3-BF4B-00C04F79EFBC}") = "ExpoCenter.Repositorios.SqlServerTests", "ExpoCenter.Repositorios.SqlServerTests\ExpoCenter.Repositorios.SqlServerTests.csproj", "{3B3F3EE5-1C65-4843-8439-7C47A63E6E7A}"
EndProject
Global
	GlobalSection(SolutionConfigurationPlatforms) = preSolution
		Debug|Any CPU = Debug|Any CPU
		Release|Any CPU = Release|Any CPU
	EndGlobalSection
	GlobalSection(ProjectConfigurationPlatforms) = postSolution
		{57BB7726-A46B-40B9-8F83-95002A6AC22A}.Debug|Any CPU.ActiveCfg = Debug|Any CPU
		{57BB7726-A46B-40B9-8F83-95002A6AC22A}.Debug|Any CPU.Build.0 = Debug|Any CPU
		{57BB7726-A46B-40B9-8F83-95002A6AC22A}.Release|Any CPU.ActiveCfg = Release|Any CPU
		{57BB7726-A46B-40B9-8F83-95002A6AC22A}.Release|Any CPU.Build.0 = Release|Any CPU
		{ACB23E31-90A1-4C15-8EC3-AD7EA8103ADF}.Debug|Any CPU.ActiveCfg = Debug|Any CPU
		{ACB23E31-90A1-4C15-8EC3-AD7EA8103ADF}.Debug|Any CPU.Build.0 = Debug|Any CPU
		{ACB23E31-90A1-4C15-8EC3-AD7EA8103ADF}.Release|Any CPU.ActiveCfg = Release|Any CPU
		{ACB23E31-90A1-4C15-8EC3-AD7EA8103ADF}.Release|Any CPU.Build.0 = Release|Any CPU
		{1BB264E7-310F-409C-9558-F0C8C92940BA}.Debug|Any CPU.ActiveCfg = Debug|Any CPU
		{1BB264E7-310F-409C-9558-F0C8C92940BA}.Debug|Any CPU.Build.0 = Debug|Any CPU
		{1BB264E7-310F-409C-9558-F0C8C92940BA}.Release|Any CPU.ActiveCfg = Release|Any CPU
		{1BB264E7-310F-409C-9558-F0C8C92940BA}.Release|Any CPU.Build.0 = Release|Any CPU
		{1D35E7B4-523C-487A-90B6-2E919A59BF28}.Debug|Any CPU.ActiveCfg = Debug|Any CPU
		{1D35E7B4-523C-487A-90B6-2E919A59BF28}.Debug|Any CPU.Build.0 = Debug|Any CPU
		{1D35E7B4-523C-487A-90B6-2E919A59BF28}.Release|Any CPU.ActiveCfg = Release|Any CPU
		{1D35E7B4-523C-487A-90B6-2E919A59BF28}.Release|Any CPU.Build.0 = Release|Any CPU
		{EF4C6226-3879-41A8-83BD-69A8B8968D7A}.Debug|Any CPU.ActiveCfg = Debug|Any CPU
		{EF4C6226-3879-41A8-83BD-69A8B8968D7A}.Debug|Any CPU.Build.0 = Debug|Any CPU
		{EF4C6226-3879-41A8-83BD-69A8B8968D7A}.Release|Any CPU.ActiveCfg = Release|Any CPU
		{EF4C6226-3879-41A8-83BD-69A8B8968D7A}.Release|Any CPU.Build.0 = Release|Any CPU
		{686D0AC0-7A6E-4A45-98BC-28CE22DA94B6}.Debug|Any CPU.ActiveCfg = Debug|Any CPU
		{686D0AC0-7A6E-4A45-98BC-28CE22DA94B6}.Debug|Any CPU.Build.0 = Debug|Any CPU
		{686D0AC0-7A6E-4A45-98BC-28CE22DA94B6}.Release|Any CPU.ActiveCfg = Release|Any CPU
		{686D0AC0-7A6E-4A45-98BC-28CE22DA94B6}.Release|Any CPU.Build.0 = Release|Any CPU
		{88978B0F-259B-4FA6-8005-F17AEF8AE19A}.Debug|Any CPU.ActiveCfg = Debug|Any CPU
		{88978B0F-259B-4FA6-8005-F17AEF8AE19A}.Debug|Any CPU.Build.0 = Debug|Any CPU
		{88978B0F-259B-4FA6-8005-F17AEF8AE19A}.Release|Any CPU.ActiveCfg = Release|Any CPU
		{88978B0F-259B-4FA6-8005-F17AEF8AE19A}.Release|Any CPU.Build.0 = Release|Any CPU
		{68EA6A3C-5CEB-4065-ABA6-33C534C5C6BE}.Debug|Any CPU.ActiveCfg = Debug|Any CPU
		{68EA6A3C-5CEB-4065-ABA6-33C534C5C6BE}.Debug|Any CPU.Build.0 = Debug|Any CPU
		{68EA6A3C-5CEB-4065-ABA6-33C534C5C6BE}.Release|Any CPU.ActiveCfg = Release|Any CPU
		{68EA6A3C-5CEB-4065-ABA6-33C534C5C6BE}.Release|Any CPU.Build.0 = Release|Any CPU
		{C4CF7FC5-21A3-4271-93AA-9C1D6C2D76E3}.Debug|Any CPU.ActiveCfg = Debug|Any CPU
		{C4CF7FC5-21A3-4271-93AA-9C1D6C2D76E3}.Debug|Any CPU.Build.0 = Debug|Any CPU
		{C4CF7FC5-21A3-4271-93AA-9C1D6C2D76E3}.Release|Any CPU.ActiveCfg = Release|Any CPU
		{C4CF7FC5-21A3-4271-93AA-9C1D6C2D76E3}.Release|Any CPU.Build.0 = Release|Any CPU
		{3A229146-EFBC-4E6F-A8DA-5B355AB329E0}.Debug|Any CPU.ActiveCfg = Debug|Any CPU
		{3A229146-EFBC-4E6F-A8DA-5B355AB329E0}.Debug|Any CPU.Build.0 = Debug|Any CPU
		{3A229146-EFBC-4E6F-A8DA-5B355AB329E0}.Release|Any CPU.ActiveCfg = Release|Any CPU
		{3A229146-EFBC-4E6F-A8DA-5B355AB329E0}.Release|Any CPU.Build.0 = Release|Any CPU
		{18B0E4DE-9279-4A9A-BCFB-6668CCBC559C}.Debug|Any CPU.ActiveCfg = Debug|Any CPU
		{18B0E4DE-9279-4A9A-BCFB-6668CCBC559C}.Debug|Any CPU.Build.0 = Debug|Any CPU
		{18B0E4DE-9279-4A9A-BCFB-6668CCBC559C}.Release|Any CPU.ActiveCfg = Release|Any CPU
		{18B0E4DE-9279-4A9A-BCFB-6668CCBC559C}.Release|Any CPU.Build.0 = Release|Any CPU
		{3B3F3EE5-1C65-4843-8439-7C47A63E6E7A}.Debug|Any CPU.ActiveCfg = Debug|Any CPU
		{3B3F3EE5-1C65-4843-8439-7C47A63E6E7A}.Debug|Any CPU.Build.0 = Debug|Any CPU
		{3B3F3EE5-1C65-4843-8439-7C47A63E6E7A}.Release|Any CPU.ActiveCfg = Release|Any CPU
		{3B3F3EE5-1C65-4843-8439-7C47A63E6E7A}.Release|Any CPU.Build.0 = Release|Any CPU
	EndGlobalSection
	GlobalSection(SolutionProperties) = preSolution
		HideSolutionNode = FALSE
	EndGlobalSection
	GlobalSection(NestedProjects) = preSolution
		{ACB23E31-90A1-4C15-8EC3-AD7EA8103ADF} = {91E1CE75-8295-4E2A-B623-13F9E0FE90C8}
		{1BB264E7-310F-409C-9558-F0C8C92940BA} = {91E1CE75-8295-4E2A-B623-13F9E0FE90C8}
		{1D35E7B4-523C-487A-90B6-2E919A59BF28} = {673CE24B-5D5E-40D0-B142-D13D5E97A195}
		{EF4C6226-3879-41A8-83BD-69A8B8968D7A} = {673CE24B-5D5E-40D0-B142-D13D5E97A195}
		{686D0AC0-7A6E-4A45-98BC-28CE22DA94B6} = {673CE24B-5D5E-40D0-B142-D13D5E97A195}
		{88978B0F-259B-4FA6-8005-F17AEF8AE19A} = {673CE24B-5D5E-40D0-B142-D13D5E97A195}
		{68EA6A3C-5CEB-4065-ABA6-33C534C5C6BE} = {673CE24B-5D5E-40D0-B142-D13D5E97A195}
		{C4CF7FC5-21A3-4271-93AA-9C1D6C2D76E3} = {91E1CE75-8295-4E2A-B623-13F9E0FE90C8}
		{3A229146-EFBC-4E6F-A8DA-5B355AB329E0} = {3EFF7267-2DC9-46BD-A545-56B032118633}
		{18B0E4DE-9279-4A9A-BCFB-6668CCBC559C} = {3EFF7267-2DC9-46BD-A545-56B032118633}
		{3B3F3EE5-1C65-4843-8439-7C47A63E6E7A} = {3EFF7267-2DC9-46BD-A545-56B032118633}
	EndGlobalSection
	GlobalSection(ExtensibilityGlobals) = postSolution
		SolutionGuid = {69E8D107-D792-4F83-90B7-EF935F0F13DF}
	EndGlobalSection
EndGlobal
